
Microsoft Visual Studio Solution File, Format Version 12.00
# Visual Studio Version 16
VisualStudioVersion = 16.0.31129.286
MinimumVisualStudioVersion = 10.0.40219.1
Project("{FAE04EC0-301F-11D3-BF4B-00C04F79EFBC}") = "BookInventory", "BookInventory.csproj", "{CDD6FCF8-FB57-45E0-B846-0AEE7CBFA134}"
EndProject
Global
	GlobalSection(SolutionConfigurationPlatforms) = preSolution
		Debug|Any CPU = Debug|Any CPU
		Release|Any CPU = Release|Any CPU
	EndGlobalSection
	GlobalSection(ProjectConfigurationPlatforms) = postSolution
		{CDD6FCF8-FB57-45E0-B846-0AEE7CBFA134}.Debug|Any CPU.ActiveCfg = Debug|Any CPU
		{CDD6FCF8-FB57-45E0-B846-0AEE7CBFA134}.Debug|Any CPU.Build.0 = Debug|Any CPU
		{CDD6FCF8-FB57-45E0-B846-0AEE7CBFA134}.Release|Any CPU.ActiveCfg = Release|Any CPU
		{CDD6FCF8-FB57-45E0-B846-0AEE7CBFA134}.Release|Any CPU.Build.0 = Release|Any CPU
	EndGlobalSection
	GlobalSection(SolutionProperties) = preSolution
		HideSolutionNode = FALSE
	EndGlobalSection
	GlobalSection(ExtensibilityGlobals) = postSolution
		SolutionGuid = {55F3246F-407D-4B14-A8DD-87D53130BF5D}
	EndGlobalSection
EndGlobal
